{
    "_readme": [
        "This file locks the dependencies of your project to a known state",
        "Read more about it at https://getcomposer.org/doc/01-basic-usage.md#installing-dependencies",
        "This file is @generated automatically"
    ],
    "content-hash": "3c0006b068178ae14bcb33b81b7df2e5",
    "packages": [
        {
            "name": "attogram/router",
            "version": "v4.0.2",
            "source": {
                "type": "git",
                "url": "https://github.com/attogram/router.git",
                "reference": "ff47783961374a490270aaa94897d63945760161"
            },
            "dist": {
                "type": "zip",
                "url": "https://api.github.com/repos/attogram/router/zipball/ff47783961374a490270aaa94897d63945760161",
                "reference": "ff47783961374a490270aaa94897d63945760161",
                "shasum": ""
            },
            "require": {
                "php": "^7.0"
            },
            "type": "library",
            "autoload": {
                "psr-4": {
                    "Attogram\\Router\\": "src/"
                }
            },
            "notification-url": "https://packagist.org/downloads/",
            "license": [
                "MIT"
            ],
            "authors": [
                {
                    "name": "Attogram Project",
                    "homepage": "https://github.com/attogram",
                    "role": "Developer"
                }
            ],
            "description": "Attogram Router for PHP 7 - small, flexible, and surprisingly powerful",
            "homepage": "https://github.com/attogram/router",
            "keywords": [
                "One class",
                "php 7",
                "router"
            ],
            "time": "2019-04-06T22:07:25+00:00"
        }
    ],
    "packages-dev": [],
    "aliases": [],
    "minimum-stability": "stable",
    "stability-flags": [],
    "prefer-stable": false,
    "prefer-lowest": false,
    "platform": {
        "php": "^7.0"
    },
    "platform-dev": []
}
